# This is a Gradle generated file for dependency locking.
# Manual edits can break the build and are not advised.
# This file is expected to be part of source control.
com.google.code.findbugs:jsr305:3.0.2=compileClasspath,compileProtoPath,testCompileClasspath,testCompileProtoPath
com.google.errorprone:error_prone_annotations:2.4.0=compileClasspath,compileProtoPath,testCompileClasspath,testCompileProtoPath
com.google.guava:failureaccess:1.0.1=compileClasspath,compileProtoPath,testCompileClasspath,testCompileProtoPath
com.google.guava:guava:30.0-android=compileClasspath,testCompileClasspath
com.google.guava:guava:30.1-android=compileProtoPath,testCompileProtoPath
com.google.guava:listenablefuture:9999.0-empty-to-avoid-conflict-with-guava=compileClasspath,compileProtoPath,testCompileClasspath,testCompileProtoPath
com.google.j2objc:j2objc-annotations:1.3=compileClasspath,compileProtoPath,testCompileClasspath,testCompileProtoPath
com.google.protobuf:protobuf-javalite:3.12.0=compileClasspath,compileProtoPath,testCompileClasspath,testCompileProtoPath
com.google.protobuf:protoc:3.17.3=protobufToolsLocator_protoc
io.grpc:grpc-api:1.38.1=compileClasspath,compileProtoPath,testCompileClasspath,testCompileProtoPath
io.grpc:grpc-context:1.38.1=compileClasspath,compileProtoPath,testCompileClasspath,testCompileProtoPath
io.grpc:grpc-kotlin-stub:1.1.0=compileClasspath,compileProtoPath,testCompileClasspath,testCompileProtoPath
io.grpc:grpc-protobuf-lite:1.38.1=compileClasspath,compileProtoPath,testCompileClasspath,testCompileProtoPath
io.grpc:grpc-stub:1.36.0=compileClasspath,compileProtoPath,testCompileClasspath,testCompileProtoPath
io.grpc:protoc-gen-grpc-java:1.38.1=protobufToolsLocator_grpc
io.grpc:protoc-gen-grpc-kotlin:1.1.0=protobufToolsLocator_grpckt
javax.annotation:javax.annotation-api:1.3.2=compileClasspath,compileProtoPath,testCompileClasspath,testCompileProtoPath
org.apache.tomcat:annotations-api:6.0.53=compileClasspath,compileProtoPath
org.checkerframework:checker-compat-qual:2.5.5=compileClasspath,compileProtoPath,testCompileClasspath,testCompileProtoPath
org.codehaus.mojo:animal-sniffer-annotations:1.19=compileProtoPath,testCompileProtoPath
org.jetbrains.intellij.deps:trove4j:1.0.20181211=kotlinCompilerClasspath
org.jetbrains.kotlin:kotlin-compiler-embeddable:1.5.10=kotlinCompilerClasspath
org.jetbrains.kotlin:kotlin-daemon-embeddable:1.5.10=kotlinCompilerClasspath
org.jetbrains.kotlin:kotlin-reflect:1.5.10=kotlinCompilerClasspath
org.jetbrains.kotlin:kotlin-script-runtime:1.5.10=kotlinCompilerClasspath,kotlinCompilerPluginClasspathMain
org.jetbrains.kotlin:kotlin-scripting-common:1.5.10=kotlinCompilerPluginClasspathMain
org.jetbrains.kotlin:kotlin-scripting-compiler-embeddable:1.5.10=kotlinCompilerPluginClasspathMain
org.jetbrains.kotlin:kotlin-scripting-compiler-impl-embeddable:1.5.10=kotlinCompilerPluginClasspathMain
org.jetbrains.kotlin:kotlin-scripting-jvm:1.5.10=kotlinCompilerPluginClasspathMain
org.jetbrains.kotlin:kotlin-stdlib-common:1.5.10=compileClasspath,compileProtoPath,kotlinCompilerClasspath,kotlinCompilerPluginClasspathMain,testCompileClasspath,testCompileProtoPath
org.jetbrains.kotlin:kotlin-stdlib-jdk7:1.5.10=compileClasspath,compileProtoPath,testCompileClasspath,testCompileProtoPath
org.jetbrains.kotlin:kotlin-stdlib-jdk8:1.5.10=compileClasspath,compileProtoPath,testCompileClasspath,testCompileProtoPath
org.jetbrains.kotlin:kotlin-stdlib:1.5.10=compileClasspath,compileProtoPath,kotlinCompilerClasspath,kotlinCompilerPluginClasspathMain,testCompileClasspath,testCompileProtoPath
org.jetbrains.kotlinx:kotlinx-coroutines-core:1.3.3=compileProtoPath,testCompileProtoPath
org.jetbrains.kotlinx:kotlinx-coroutines-core:1.3.8=kotlinCompilerPluginClasspathMain
org.jetbrains:annotations:13.0=compileClasspath,compileProtoPath,kotlinCompilerClasspath,kotlinCompilerPluginClasspathMain,testCompileClasspath,testCompileProtoPath
empty=annotationProcessor,protobuf,testProtobuf
