# This is a Gradle generated file for dependency locking.
# Manual edits can break the build and are not advised.
# This file is expected to be part of source control.
com.google.code.findbugs:jsr305:3.0.2=compileClasspath,testCompileClasspath,testRuntimeClasspath
com.google.errorprone:error_prone_annotations:2.4.0=compileClasspath,testCompileClasspath,testRuntimeClasspath
com.google.guava:failureaccess:1.0.1=compileClasspath,testCompileClasspath,testRuntimeClasspath
com.google.guava:guava:30.0-android=compileClasspath,testCompileClasspath
com.google.guava:guava:30.1-android=testRuntimeClasspath
com.google.guava:listenablefuture:9999.0-empty-to-avoid-conflict-with-guava=compileClasspath,testCompileClasspath,testRuntimeClasspath
com.google.j2objc:j2objc-annotations:1.3=compileClasspath,testCompileClasspath,testRuntimeClasspath
com.google.protobuf:protobuf-javalite:3.12.0=compileClasspath,testCompileClasspath,testRuntimeClasspath
io.grpc:grpc-api:1.38.1=compileClasspath,testCompileClasspath,testRuntimeClasspath
io.grpc:grpc-context:1.38.1=compileClasspath,testCompileClasspath,testRuntimeClasspath
io.grpc:grpc-kotlin-stub:1.1.0=compileClasspath,testCompileClasspath,testRuntimeClasspath
io.grpc:grpc-protobuf-lite:1.38.1=compileClasspath,testCompileClasspath,testRuntimeClasspath
io.grpc:grpc-stub:1.36.0=compileClasspath,testCompileClasspath,testRuntimeClasspath
javax.annotation:javax.annotation-api:1.3.2=compileClasspath,testCompileClasspath,testRuntimeClasspath
org.apiguardian:apiguardian-api:1.1.0=testCompileClasspath,testRuntimeClasspath
org.checkerframework:checker-compat-qual:2.5.5=compileClasspath,testCompileClasspath,testRuntimeClasspath
org.codehaus.mojo:animal-sniffer-annotations:1.19=testRuntimeClasspath
org.jetbrains.intellij.deps:trove4j:1.0.20181211=kotlinCompilerClasspath
org.jetbrains.kotlin:kotlin-compiler-embeddable:1.5.10=kotlinCompilerClasspath
org.jetbrains.kotlin:kotlin-daemon-embeddable:1.5.10=kotlinCompilerClasspath
org.jetbrains.kotlin:kotlin-reflect:1.5.10=kotlinCompilerClasspath
org.jetbrains.kotlin:kotlin-script-runtime:1.5.10=kotlinCompilerClasspath,kotlinCompilerPluginClasspathMain,kotlinCompilerPluginClasspathTest
org.jetbrains.kotlin:kotlin-scripting-common:1.5.10=kotlinCompilerPluginClasspathMain,kotlinCompilerPluginClasspathTest
org.jetbrains.kotlin:kotlin-scripting-compiler-embeddable:1.5.10=kotlinCompilerPluginClasspathMain,kotlinCompilerPluginClasspathTest
org.jetbrains.kotlin:kotlin-scripting-compiler-impl-embeddable:1.5.10=kotlinCompilerPluginClasspathMain,kotlinCompilerPluginClasspathTest
org.jetbrains.kotlin:kotlin-scripting-jvm:1.5.10=kotlinCompilerPluginClasspathMain,kotlinCompilerPluginClasspathTest
org.jetbrains.kotlin:kotlin-stdlib-common:1.5.10=compileClasspath,kotlinCompilerClasspath,kotlinCompilerPluginClasspathMain,kotlinCompilerPluginClasspathTest,testCompileClasspath,testRuntimeClasspath
org.jetbrains.kotlin:kotlin-stdlib-jdk7:1.5.10=compileClasspath,testCompileClasspath,testRuntimeClasspath
org.jetbrains.kotlin:kotlin-stdlib-jdk8:1.5.10=compileClasspath,testCompileClasspath,testRuntimeClasspath
org.jetbrains.kotlin:kotlin-stdlib:1.5.10=compileClasspath,kotlinCompilerClasspath,kotlinCompilerPluginClasspathMain,kotlinCompilerPluginClasspathTest,testCompileClasspath,testRuntimeClasspath
org.jetbrains.kotlin:kotlin-test-junit5:1.5.10=testCompileClasspath,testRuntimeClasspath
org.jetbrains.kotlin:kotlin-test:1.5.10=testCompileClasspath,testRuntimeClasspath
org.jetbrains.kotlinx:kotlinx-coroutines-core:1.3.3=testRuntimeClasspath
org.jetbrains.kotlinx:kotlinx-coroutines-core:1.3.8=kotlinCompilerPluginClasspathMain,kotlinCompilerPluginClasspathTest
org.jetbrains:annotations:13.0=compileClasspath,kotlinCompilerClasspath,kotlinCompilerPluginClasspathMain,kotlinCompilerPluginClasspathTest,testCompileClasspath,testRuntimeClasspath
org.junit.jupiter:junit-jupiter-api:5.6.0=testCompileClasspath,testRuntimeClasspath
org.junit.jupiter:junit-jupiter-engine:5.6.0=testRuntimeClasspath
org.junit.platform:junit-platform-commons:1.6.0=testCompileClasspath,testRuntimeClasspath
org.junit.platform:junit-platform-engine:1.6.0=testRuntimeClasspath
org.junit:junit-bom:5.6.0=testCompileClasspath,testRuntimeClasspath
org.opentest4j:opentest4j:1.2.0=testCompileClasspath,testRuntimeClasspath
empty=
